
Microsoft Visual Studio Solution File, Format Version 12.00
Project("{FAE04EC0-301F-11D3-BF4B-00C04F79EFBC}") = "XLMapper.Core", "XLMapper.Core\XLMapper.Core.csproj", "{76878180-9D9C-4E8E-A04C-8DE7808362C3}"
EndProject
Project("{FAE04EC0-301F-11D3-BF4B-00C04F79EFBC}") = "XLMapper.Test", "XLMapper.Test\XLMapper.Test.csproj", "{6D7A283C-DA17-4B94-9394-C6A23E4DA330}"
EndProject
Global
	GlobalSection(SolutionConfigurationPlatforms) = preSolution
		Debug|Any CPU = Debug|Any CPU
		Release|Any CPU = Release|Any CPU
	EndGlobalSection
	GlobalSection(ProjectConfigurationPlatforms) = postSolution
		{76878180-9D9C-4E8E-A04C-8DE7808362C3}.Debug|Any CPU.ActiveCfg = Debug|Any CPU
		{76878180-9D9C-4E8E-A04C-8DE7808362C3}.Debug|Any CPU.Build.0 = Debug|Any CPU
		{76878180-9D9C-4E8E-A04C-8DE7808362C3}.Release|Any CPU.ActiveCfg = Release|Any CPU
		{76878180-9D9C-4E8E-A04C-8DE7808362C3}.Release|Any CPU.Build.0 = Release|Any CPU
		{6D7A283C-DA17-4B94-9394-C6A23E4DA330}.Debug|Any CPU.ActiveCfg = Debug|Any CPU
		{6D7A283C-DA17-4B94-9394-C6A23E4DA330}.Debug|Any CPU.Build.0 = Debug|Any CPU
		{6D7A283C-DA17-4B94-9394-C6A23E4DA330}.Release|Any CPU.ActiveCfg = Release|Any CPU
		{6D7A283C-DA17-4B94-9394-C6A23E4DA330}.Release|Any CPU.Build.0 = Release|Any CPU
	EndGlobalSection
EndGlobal
